
Microsoft Visual Studio Solution File, Format Version 12.00
# Visual Studio Version 16
VisualStudioVersion = 16.0.29806.167
MinimumVisualStudioVersion = 10.0.40219.1
Project("{FAE04EC0-301F-11D3-BF4B-00C04F79EFBC}") = "WebStore", "WebStore.csproj", "{D5A71609-8074-4219-8242-C29114896E5E}"
EndProject
Global
	GlobalSection(SolutionConfigurationPlatforms) = preSolution
		Debug|Any CPU = Debug|Any CPU
		Release|Any CPU = Release|Any CPU
	EndGlobalSection
	GlobalSection(ProjectConfigurationPlatforms) = postSolution
		{D5A71609-8074-4219-8242-C29114896E5E}.Debug|Any CPU.ActiveCfg = Debug|Any CPU
		{D5A71609-8074-4219-8242-C29114896E5E}.Debug|Any CPU.Build.0 = Debug|Any CPU
		{D5A71609-8074-4219-8242-C29114896E5E}.Release|Any CPU.ActiveCfg = Release|Any CPU
		{D5A71609-8074-4219-8242-C29114896E5E}.Release|Any CPU.Build.0 = Release|Any CPU
	EndGlobalSection
	GlobalSection(SolutionProperties) = preSolution
		HideSolutionNode = FALSE
	EndGlobalSection
	GlobalSection(ExtensibilityGlobals) = postSolution
		SolutionGuid = {4C2736CE-9A2B-441E-9AE4-8E831EDFA14A}
	EndGlobalSection
EndGlobal
